github.com/buraksezer/consistent v0.9.0 h1:Zfs6bX62wbP3QlbPGKUhqDw7SmNkOzY5bHZIYXYpR5g=
github.com/buraksezer/consistent v0.9.0/go.mod h1:6BrVajWq7wbKZlTOUPs/XVfR8c0maujuPowduSpZqmw=
github.com/lafikl/consistent v0.0.0-20210222184039-5e8acd7e59f2 h1:+FyV24r0YGMdUUapZgmlTU5RNUSxyg6Zgl9hGjbM8zM=
github.com/lafikl/consistent v0.0.0-20210222184039-5e8acd7e59f2/go.mod h1:JmowInJuqa6EpSut8NSMAZtlvK9uL+8Q1P7tyew5rQY=
github.com/minio/blake2b-simd v0.0.0-20160723061019-3f5f724cb5b1 h1:lYpkrQH5ajf0OXOcUbGjvZxxijuBwbbmlSxLiuofa+g=
github.com/minio/blake2b-simd v0.0.0-20160723061019-3f5f724cb5b1/go.mod h1:pD8RvIylQ358TN4wwqatJ8rNavkEINozVn9DtGI3dfQ=
